
Microsoft Visual Studio Solution File, Format Version 12.00
# Visual Studio Version 16
VisualStudioVersion = 16.0.29509.3
MinimumVisualStudioVersion = 10.0.40219.1
Project("{FAE04EC0-301F-11D3-BF4B-00C04F79EFBC}") = "ConsoleApp1", "ConsoleApp1\ConsoleApp1.csproj", "{CAD26C74-6B75-4666-B2D7-D1443274EFE9}"
EndProject
Global
	GlobalSection(SolutionConfigurationPlatforms) = preSolution
		Debug|Any CPU = Debug|Any CPU
		Release|Any CPU = Release|Any CPU
	EndGlobalSection
	GlobalSection(ProjectConfigurationPlatforms) = postSolution
		{CAD26C74-6B75-4666-B2D7-D1443274EFE9}.Debug|Any CPU.ActiveCfg = Debug|Any CPU
		{CAD26C74-6B75-4666-B2D7-D1443274EFE9}.Debug|Any CPU.Build.0 = Debug|Any CPU
		{CAD26C74-6B75-4666-B2D7-D1443274EFE9}.Release|Any CPU.ActiveCfg = Release|Any CPU
		{CAD26C74-6B75-4666-B2D7-D1443274EFE9}.Release|Any CPU.Build.0 = Release|Any CPU
	EndGlobalSection
	GlobalSection(SolutionProperties) = preSolution
		HideSolutionNode = FALSE
	EndGlobalSection
	GlobalSection(ExtensibilityGlobals) = postSolution
		SolutionGuid = {2849276A-34A4-449D-A8B8-6AE6BBB6A123}
	EndGlobalSection
EndGlobal
