
Microsoft Visual Studio Solution File, Format Version 12.00
# Visual Studio Version 16
VisualStudioVersion = 16.0.29509.3
MinimumVisualStudioVersion = 10.0.40219.1
Project("{FAE04EC0-301F-11D3-BF4B-00C04F79EFBC}") = "day2", "day2\day2.csproj", "{4D743CAC-AC46-4F69-8CD0-8FB7790FD6E3}"
EndProject
Global
	GlobalSection(SolutionConfigurationPlatforms) = preSolution
		Debug|Any CPU = Debug|Any CPU
		Release|Any CPU = Release|Any CPU
	EndGlobalSection
	GlobalSection(ProjectConfigurationPlatforms) = postSolution
		{4D743CAC-AC46-4F69-8CD0-8FB7790FD6E3}.Debug|Any CPU.ActiveCfg = Debug|Any CPU
		{4D743CAC-AC46-4F69-8CD0-8FB7790FD6E3}.Debug|Any CPU.Build.0 = Debug|Any CPU
		{4D743CAC-AC46-4F69-8CD0-8FB7790FD6E3}.Release|Any CPU.ActiveCfg = Release|Any CPU
		{4D743CAC-AC46-4F69-8CD0-8FB7790FD6E3}.Release|Any CPU.Build.0 = Release|Any CPU
	EndGlobalSection
	GlobalSection(SolutionProperties) = preSolution
		HideSolutionNode = FALSE
	EndGlobalSection
	GlobalSection(ExtensibilityGlobals) = postSolution
		SolutionGuid = {24E2C768-6127-471F-88E3-9DB3A3EA8D99}
	EndGlobalSection
EndGlobal
